// !$*UTF8*$!
{
	archiveVersion = 1;
	classes = {
	};
	objectVersion = 55;
	objects = {

/* Begin PBXBuildFile section */
		A31998C6275FB869007CEC72 /* SamplePlayer.swift in Sources */ = {isa = PBXBuildFile; fileRef = A31998C5275FB869007CEC72 /* SamplePlayer.swift */; };
		A31998C8275FBEB3007CEC72 /* DispatchTime+Offsets.swift in Sources */ = {isa = PBXBuildFile; fileRef = A31998C7275FBEB3007CEC72 /* DispatchTime+Offsets.swift */; };
		A363E86027599F98000C1AD2 /* Channel.swift in Sources */ = {isa = PBXBuildFile; fileRef = A363E85F27599F98000C1AD2 /* Channel.swift */; };
		A363E8642759AB91000C1AD2 /* CordovaPathConversion.swift in Sources */ = {isa = PBXBuildFile; fileRef = A363E8632759AB91000C1AD2 /* CordovaPathConversion.swift */; };
		A39538FF275AF0A7002FE88C /* SampleStorage.swift in Sources */ = {isa = PBXBuildFile; fileRef = A39538FE275AF0A7002FE88C /* SampleStorage.swift */; };
		FC06C3462757B04C00BA39FC /* AVAudioPCMBuffer+CustomFade.swift in Sources */ = {isa = PBXBuildFile; fileRef = FC06C3452757B04C00BA39FC /* AVAudioPCMBuffer+CustomFade.swift */; };
		FC470E8A2754F4D100C4E197 /* Sample.swift in Sources */ = {isa = PBXBuildFile; fileRef = FC470E892754F4D100C4E197 /* Sample.swift */; };
		FC470E8E2754F9C000C4E197 /* SamplePlayback.swift in Sources */ = {isa = PBXBuildFile; fileRef = FC470E8D2754F9C000C4E197 /* SamplePlayback.swift */; };
		FC470E922755361200C4E197 /* AudioPackageExtractor.swift in Sources */ = {isa = PBXBuildFile; fileRef = FC470E912755361200C4E197 /* AudioPackageExtractor.swift */; };
		FC5C3B1E2746C93F00DDE223 /* AppDelegate.swift in Sources */ = {isa = PBXBuildFile; fileRef = FC5C3B1D2746C93F00DDE223 /* AppDelegate.swift */; };
		FC5C3B202746C93F00DDE223 /* SceneDelegate.swift in Sources */ = {isa = PBXBuildFile; fileRef = FC5C3B1F2746C93F00DDE223 /* SceneDelegate.swift */; };
		FC5C3B222746C93F00DDE223 /* ViewController.swift in Sources */ = {isa = PBXBuildFile; fileRef = FC5C3B212746C93F00DDE223 /* ViewController.swift */; };
		FC5C3B252746C93F00DDE223 /* Main.storyboard in Resources */ = {isa = PBXBuildFile; fileRef = FC5C3B232746C93F00DDE223 /* Main.storyboard */; };
		FC5C3B272746C94100DDE223 /* Assets.xcassets in Resources */ = {isa = PBXBuildFile; fileRef = FC5C3B262746C94100DDE223 /* Assets.xcassets */; };
		FC5C3B2A2746C94100DDE223 /* LaunchScreen.storyboard in Resources */ = {isa = PBXBuildFile; fileRef = FC5C3B282746C94100DDE223 /* LaunchScreen.storyboard */; };
		FCB46171275E28BE00DF60C5 /* ErrorTypes.swift in Sources */ = {isa = PBXBuildFile; fileRef = FCB46170275E28BE00DF60C5 /* ErrorTypes.swift */; };
		FCCC49E127578D9F00CE1D9E /* testbed_mp3.audio-package in Resources */ = {isa = PBXBuildFile; fileRef = FCCC49D527578D9F00CE1D9E /* testbed_mp3.audio-package */; };
		FCE6CD702746CA2A00B7B3BE /* AudioKit in Frameworks */ = {isa = PBXBuildFile; productRef = FCE6CD6F2746CA2A00B7B3BE /* AudioKit */; };
		FCFD5BC7274F85A200F6D7A4 /* AudioManager.swift in Sources */ = {isa = PBXBuildFile; fileRef = FCFD5BC6274F85A200F6D7A4 /* AudioManager.swift */; };
/* End PBXBuildFile section */

/* Begin PBXFileReference section */
		A31998C5275FB869007CEC72 /* SamplePlayer.swift */ = {isa = PBXFileReference; fileEncoding = 4; lastKnownFileType = sourcecode.swift; path = SamplePlayer.swift; sourceTree = "<group>"; };
		A31998C7275FBEB3007CEC72 /* DispatchTime+Offsets.swift */ = {isa = PBXFileReference; fileEncoding = 4; lastKnownFileType = sourcecode.swift; path = "DispatchTime+Offsets.swift"; sourceTree = "<group>"; };
		A363E85F27599F98000C1AD2 /* Channel.swift */ = {isa = PBXFileReference; lastKnownFileType = sourcecode.swift; path = Channel.swift; sourceTree = "<group>"; };
		A363E8632759AB91000C1AD2 /* CordovaPathConversion.swift */ = {isa = PBXFileReference; lastKnownFileType = sourcecode.swift; path = CordovaPathConversion.swift; sourceTree = "<group>"; };
		A39538FE275AF0A7002FE88C /* SampleStorage.swift */ = {isa = PBXFileReference; lastKnownFileType = sourcecode.swift; path = SampleStorage.swift; sourceTree = "<group>"; };
		FC06C3452757B04C00BA39FC /* AVAudioPCMBuffer+CustomFade.swift */ = {isa = PBXFileReference; lastKnownFileType = sourcecode.swift; path = "AVAudioPCMBuffer+CustomFade.swift"; sourceTree = "<group>"; };
		FC470E892754F4D100C4E197 /* Sample.swift */ = {isa = PBXFileReference; lastKnownFileType = sourcecode.swift; path = Sample.swift; sourceTree = "<group>"; };
		FC470E8D2754F9C000C4E197 /* SamplePlayback.swift */ = {isa = PBXFileReference; lastKnownFileType = sourcecode.swift; path = SamplePlayback.swift; sourceTree = "<group>"; };
		FC470E912755361200C4E197 /* AudioPackageExtractor.swift */ = {isa = PBXFileReference; lastKnownFileType = sourcecode.swift; path = AudioPackageExtractor.swift; sourceTree = "<group>"; };
		FC5C3B1A2746C93F00DDE223 /* sm-audiokit.app */ = {isa = PBXFileReference; explicitFileType = wrapper.application; includeInIndex = 0; path = "sm-audiokit.app"; sourceTree = BUILT_PRODUCTS_DIR; };
		FC5C3B1D2746C93F00DDE223 /* AppDelegate.swift */ = {isa = PBXFileReference; lastKnownFileType = sourcecode.swift; path = AppDelegate.swift; sourceTree = "<group>"; };
		FC5C3B1F2746C93F00DDE223 /* SceneDelegate.swift */ = {isa = PBXFileReference; lastKnownFileType = sourcecode.swift; path = SceneDelegate.swift; sourceTree = "<group>"; };
		FC5C3B212746C93F00DDE223 /* ViewController.swift */ = {isa = PBXFileReference; lastKnownFileType = sourcecode.swift; path = ViewController.swift; sourceTree = "<group>"; };
		FC5C3B242746C93F00DDE223 /* Base */ = {isa = PBXFileReference; lastKnownFileType = file.storyboard; name = Base; path = Base.lproj/Main.storyboard; sourceTree = "<group>"; };
		FC5C3B262746C94100DDE223 /* Assets.xcassets */ = {isa = PBXFileReference; lastKnownFileType = folder.assetcatalog; path = Assets.xcassets; sourceTree = "<group>"; };
		FC5C3B292746C94100DDE223 /* Base */ = {isa = PBXFileReference; lastKnownFileType = file.storyboard; name = Base; path = Base.lproj/LaunchScreen.storyboard; sourceTree = "<group>"; };
		FC5C3B2B2746C94100DDE223 /* Info.plist */ = {isa = PBXFileReference; lastKnownFileType = text.plist.xml; path = Info.plist; sourceTree = "<group>"; };
		FCB46170275E28BE00DF60C5 /* ErrorTypes.swift */ = {isa = PBXFileReference; lastKnownFileType = sourcecode.swift; path = ErrorTypes.swift; sourceTree = "<group>"; };
		FCCC49D527578D9F00CE1D9E /* testbed_mp3.audio-package */ = {isa = PBXFileReference; lastKnownFileType = file; path = "testbed_mp3.audio-package"; sourceTree = "<group>"; };
		FCFD5BC6274F85A200F6D7A4 /* AudioManager.swift */ = {isa = PBXFileReference; lastKnownFileType = sourcecode.swift; path = AudioManager.swift; sourceTree = "<group>"; };
/* End PBXFileReference section */

/* Begin PBXFrameworksBuildPhase section */
		FC5C3B172746C93F00DDE223 /* Frameworks */ = {
			isa = PBXFrameworksBuildPhase;
			buildActionMask = 2147483647;
			files = (
				FCE6CD702746CA2A00B7B3BE /* AudioKit in Frameworks */,
			);
			runOnlyForDeploymentPostprocessing = 0;
		};
/* End PBXFrameworksBuildPhase section */

/* Begin PBXGroup section */
		FC06C3442757B02D00BA39FC /* Extensions */ = {
			isa = PBXGroup;
			children = (
				FC06C3452757B04C00BA39FC /* AVAudioPCMBuffer+CustomFade.swift */,
				A31998C7275FBEB3007CEC72 /* DispatchTime+Offsets.swift */,
			);
			path = Extensions;
			sourceTree = "<group>";
		};
		FC5C3B112746C93F00DDE223 = {
			isa = PBXGroup;
			children = (
				FC5C3B1C2746C93F00DDE223 /* sm-audiokit */,
				FC5C3B1B2746C93F00DDE223 /* Products */,
			);
			sourceTree = "<group>";
		};
		FC5C3B1B2746C93F00DDE223 /* Products */ = {
			isa = PBXGroup;
			children = (
				FC5C3B1A2746C93F00DDE223 /* sm-audiokit.app */,
			);
			name = Products;
			sourceTree = "<group>";
		};
		FC5C3B1C2746C93F00DDE223 /* sm-audiokit */ = {
			isa = PBXGroup;
			children = (
				FC06C3442757B02D00BA39FC /* Extensions */,
				FCCC49D227578D7600CE1D9E /* samples */,
				FCFD5BC8275005BA00F6D7A4 /* Audio */,
				FC5C3B1D2746C93F00DDE223 /* AppDelegate.swift */,
				A363E8632759AB91000C1AD2 /* CordovaPathConversion.swift */,
				FC5C3B1F2746C93F00DDE223 /* SceneDelegate.swift */,
				FC5C3B212746C93F00DDE223 /* ViewController.swift */,
				FC5C3B232746C93F00DDE223 /* Main.storyboard */,
				FC5C3B262746C94100DDE223 /* Assets.xcassets */,
				FC5C3B282746C94100DDE223 /* LaunchScreen.storyboard */,
				FC5C3B2B2746C94100DDE223 /* Info.plist */,
			);
			path = "sm-audiokit";
			sourceTree = "<group>";
		};
		FCCC49D227578D7600CE1D9E /* samples */ = {
			isa = PBXGroup;
			children = (
				FCCC49D527578D9F00CE1D9E /* testbed_mp3.audio-package */,
			);
			path = samples;
			sourceTree = "<group>";
		};
		FCFD5BC8275005BA00F6D7A4 /* Audio */ = {
			isa = PBXGroup;
			children = (
				FCFD5BC6274F85A200F6D7A4 /* AudioManager.swift */,
				FC470E912755361200C4E197 /* AudioPackageExtractor.swift */,
				A363E85F27599F98000C1AD2 /* Channel.swift */,
				FCB46170275E28BE00DF60C5 /* ErrorTypes.swift */,
				FC470E892754F4D100C4E197 /* Sample.swift */,
				A31998C5275FB869007CEC72 /* SamplePlayer.swift */,
				FC470E8D2754F9C000C4E197 /* SamplePlayback.swift */,
				A39538FE275AF0A7002FE88C /* SampleStorage.swift */,
			);
			path = Audio;
			sourceTree = "<group>";
		};
/* End PBXGroup section */

/* Begin PBXNativeTarget section */
		FC5C3B192746C93F00DDE223 /* sm-audiokit */ = {
			isa = PBXNativeTarget;
			buildConfigurationList = FC5C3B2E2746C94100DDE223 /* Build configuration list for PBXNativeTarget "sm-audiokit" */;
			buildPhases = (
				FC5C3B162746C93F00DDE223 /* Sources */,
				FC5C3B172746C93F00DDE223 /* Frameworks */,
				FC5C3B182746C93F00DDE223 /* Resources */,
			);
			buildRules = (
			);
			dependencies = (
			);
			name = "sm-audiokit";
			packageProductDependencies = (
				FCE6CD6F2746CA2A00B7B3BE /* AudioKit */,
			);
			productName = "sm-audiokit";
			productReference = FC5C3B1A2746C93F00DDE223 /* sm-audiokit.app */;
			productType = "com.apple.product-type.application";
		};
/* End PBXNativeTarget section */

/* Begin PBXProject section */
		FC5C3B122746C93F00DDE223 /* Project object */ = {
			isa = PBXProject;
			attributes = {
				BuildIndependentTargetsInParallel = 1;
				LastSwiftUpdateCheck = 1310;
				LastUpgradeCheck = 1310;
				TargetAttributes = {
					FC5C3B192746C93F00DDE223 = {
						CreatedOnToolsVersion = 13.1;
					};
				};
			};
			buildConfigurationList = FC5C3B152746C93F00DDE223 /* Build configuration list for PBXProject "sm-audiokit" */;
			compatibilityVersion = "Xcode 13.0";
			developmentRegion = en;
			hasScannedForEncodings = 0;
			knownRegions = (
				en,
				Base,
			);
			mainGroup = FC5C3B112746C93F00DDE223;
			packageReferences = (
				FCE6CD6E2746CA2A00B7B3BE /* XCRemoteSwiftPackageReference "AudioKit" */,
			);
			productRefGroup = FC5C3B1B2746C93F00DDE223 /* Products */;
			projectDirPath = "";
			projectRoot = "";
			targets = (
				FC5C3B192746C93F00DDE223 /* sm-audiokit */,
			);
		};
/* End PBXProject section */

/* Begin PBXResourcesBuildPhase section */
		FC5C3B182746C93F00DDE223 /* Resources */ = {
			isa = PBXResourcesBuildPhase;
			buildActionMask = 2147483647;
			files = (
				FC5C3B2A2746C94100DDE223 /* LaunchScreen.storyboard in Resources */,
				FC5C3B272746C94100DDE223 /* Assets.xcassets in Resources */,
				FCCC49E127578D9F00CE1D9E /* testbed_mp3.audio-package in Resources */,
				FC5C3B252746C93F00DDE223 /* Main.storyboard in Resources */,
			);
			runOnlyForDeploymentPostprocessing = 0;
		};
/* End PBXResourcesBuildPhase section */

/* Begin PBXSourcesBuildPhase section */
		FC5C3B162746C93F00DDE223 /* Sources */ = {
			isa = PBXSourcesBuildPhase;
			buildActionMask = 2147483647;
			files = (
				FC470E8A2754F4D100C4E197 /* Sample.swift in Sources */,
				A363E86027599F98000C1AD2 /* Channel.swift in Sources */,
				FC5C3B222746C93F00DDE223 /* ViewController.swift in Sources */,
				FC5C3B1E2746C93F00DDE223 /* AppDelegate.swift in Sources */,
				A39538FF275AF0A7002FE88C /* SampleStorage.swift in Sources */,
				FC06C3462757B04C00BA39FC /* AVAudioPCMBuffer+CustomFade.swift in Sources */,
				FCFD5BC7274F85A200F6D7A4 /* AudioManager.swift in Sources */,
				A31998C8275FBEB3007CEC72 /* DispatchTime+Offsets.swift in Sources */,
				FC470E922755361200C4E197 /* AudioPackageExtractor.swift in Sources */,
				FC470E8E2754F9C000C4E197 /* SamplePlayback.swift in Sources */,
				FC5C3B202746C93F00DDE223 /* SceneDelegate.swift in Sources */,
				FCB46171275E28BE00DF60C5 /* ErrorTypes.swift in Sources */,
				A31998C6275FB869007CEC72 /* SamplePlayer.swift in Sources */,
				A363E8642759AB91000C1AD2 /* CordovaPathConversion.swift in Sources */,
			);
			runOnlyForDeploymentPostprocessing = 0;
		};
/* End PBXSourcesBuildPhase section */

/* Begin PBXVariantGroup section */
		FC5C3B232746C93F00DDE223 /* Main.storyboard */ = {
			isa = PBXVariantGroup;
			children = (
				FC5C3B242746C93F00DDE223 /* Base */,
			);
			name = Main.storyboard;
			sourceTree = "<group>";
		};
		FC5C3B282746C94100DDE223 /* LaunchScreen.storyboard */ = {
			isa = PBXVariantGroup;
			children = (
				FC5C3B292746C94100DDE223 /* Base */,
			);
			name = LaunchScreen.storyboard;
			sourceTree = "<group>";
		};
/* End PBXVariantGroup section */

/* Begin XCBuildConfiguration section */
		FC5C3B2C2746C94100DDE223 /* Debug */ = {
			isa = XCBuildConfiguration;
			buildSettings = {
				ALWAYS_SEARCH_USER_PATHS = NO;
				CLANG_ANALYZER_NONNULL = YES;
				CLANG_ANALYZER_NUMBER_OBJECT_CONVERSION = YES_AGGRESSIVE;
				CLANG_CXX_LANGUAGE_STANDARD = "gnu++17";
				CLANG_CXX_LIBRARY = "libc++";
				CLANG_ENABLE_MODULES = YES;
				CLANG_ENABLE_OBJC_ARC = YES;
				CLANG_ENABLE_OBJC_WEAK = YES;
				CLANG_WARN_BLOCK_CAPTURE_AUTORELEASING = YES;
				CLANG_WARN_BOOL_CONVERSION = YES;
				CLANG_WARN_COMMA = YES;
				CLANG_WARN_CONSTANT_CONVERSION = YES;
				CLANG_WARN_DEPRECATED_OBJC_IMPLEMENTATIONS = YES;
				CLANG_WARN_DIRECT_OBJC_ISA_USAGE = YES_ERROR;
				CLANG_WARN_DOCUMENTATION_COMMENTS = YES;
				CLANG_WARN_EMPTY_BODY = YES;
				CLANG_WARN_ENUM_CONVERSION = YES;
				CLANG_WARN_INFINITE_RECURSION = YES;
				CLANG_WARN_INT_CONVERSION = YES;
				CLANG_WARN_NON_LITERAL_NULL_CONVERSION = YES;
				CLANG_WARN_OBJC_IMPLICIT_RETAIN_SELF = YES;
				CLANG_WARN_OBJC_LITERAL_CONVERSION = YES;
				CLANG_WARN_OBJC_ROOT_CLASS = YES_ERROR;
				CLANG_WARN_QUOTED_INCLUDE_IN_FRAMEWORK_HEADER = YES;
				CLANG_WARN_RANGE_LOOP_ANALYSIS = YES;
				CLANG_WARN_STRICT_PROTOTYPES = YES;
				CLANG_WARN_SUSPICIOUS_MOVE = YES;
				CLANG_WARN_UNGUARDED_AVAILABILITY = YES_AGGRESSIVE;
				CLANG_WARN_UNREACHABLE_CODE = YES;
				CLANG_WARN__DUPLICATE_METHOD_MATCH = YES;
				COPY_PHASE_STRIP = NO;
				DEBUG_INFORMATION_FORMAT = dwarf;
				ENABLE_STRICT_OBJC_MSGSEND = YES;
				ENABLE_TESTABILITY = YES;
				GCC_C_LANGUAGE_STANDARD = gnu11;
				GCC_DYNAMIC_NO_PIC = NO;
				GCC_NO_COMMON_BLOCKS = YES;
				GCC_OPTIMIZATION_LEVEL = 0;
				GCC_PREPROCESSOR_DEFINITIONS = (
					"DEBUG=1",
					"$(inherited)",
				);
				GCC_WARN_64_TO_32_BIT_CONVERSION = YES;
				GCC_WARN_ABOUT_RETURN_TYPE = YES_ERROR;
				GCC_WARN_UNDECLARED_SELECTOR = YES;
				GCC_WARN_UNINITIALIZED_AUTOS = YES_AGGRESSIVE;
				GCC_WARN_UNUSED_FUNCTION = YES;
				GCC_WARN_UNUSED_VARIABLE = YES;
				IPHONEOS_DEPLOYMENT_TARGET = 13.0;
				MTL_ENABLE_DEBUG_INFO = INCLUDE_SOURCE;
				MTL_FAST_MATH = YES;
				ONLY_ACTIVE_ARCH = YES;
				SDKROOT = iphoneos;
				SWIFT_ACTIVE_COMPILATION_CONDITIONS = DEBUG;
				SWIFT_OPTIMIZATION_LEVEL = "-Onone";
			};
			name = Debug;
		};
		FC5C3B2D2746C94100DDE223 /* Release */ = {
			isa = XCBuildConfiguration;
			buildSettings = {
				ALWAYS_SEARCH_USER_PATHS = NO;
				CLANG_ANALYZER_NONNULL = YES;
				CLANG_ANALYZER_NUMBER_OBJECT_CONVERSION = YES_AGGRESSIVE;
				CLANG_CXX_LANGUAGE_STANDARD = "gnu++17";
				CLANG_CXX_LIBRARY = "libc++";
				CLANG_ENABLE_MODULES = YES;
				CLANG_ENABLE_OBJC_ARC = YES;
				CLANG_ENABLE_OBJC_WEAK = YES;
				CLANG_WARN_BLOCK_CAPTURE_AUTORELEASING = YES;
				CLANG_WARN_BOOL_CONVERSION = YES;
				CLANG_WARN_COMMA = YES;
				CLANG_WARN_CONSTANT_CONVERSION = YES;
				CLANG_WARN_DEPRECATED_OBJC_IMPLEMENTATIONS = YES;
				CLANG_WARN_DIRECT_OBJC_ISA_USAGE = YES_ERROR;
				CLANG_WARN_DOCUMENTATION_COMMENTS = YES;
				CLANG_WARN_EMPTY_BODY = YES;
				CLANG_WARN_ENUM_CONVERSION = YES;
				CLANG_WARN_INFINITE_RECURSION = YES;
				CLANG_WARN_INT_CONVERSION = YES;
				CLANG_WARN_NON_LITERAL_NULL_CONVERSION = YES;
				CLANG_WARN_OBJC_IMPLICIT_RETAIN_SELF = YES;
				CLANG_WARN_OBJC_LITERAL_CONVERSION = YES;
				CLANG_WARN_OBJC_ROOT_CLASS = YES_ERROR;
				CLANG_WARN_QUOTED_INCLUDE_IN_FRAMEWORK_HEADER = YES;
				CLANG_WARN_RANGE_LOOP_ANALYSIS = YES;
				CLANG_WARN_STRICT_PROTOTYPES = YES;
				CLANG_WARN_SUSPICIOUS_MOVE = YES;
				CLANG_WARN_UNGUARDED_AVAILABILITY = YES_AGGRESSIVE;
				CLANG_WARN_UNREACHABLE_CODE = YES;
				CLANG_WARN__DUPLICATE_METHOD_MATCH = YES;
				COPY_PHASE_STRIP = NO;
				DEBUG_INFORMATION_FORMAT = "dwarf-with-dsym";
				ENABLE_NS_ASSERTIONS = NO;
				ENABLE_STRICT_OBJC_MSGSEND = YES;
				GCC_C_LANGUAGE_STANDARD = gnu11;
				GCC_NO_COMMON_BLOCKS = YES;
				GCC_WARN_64_TO_32_BIT_CONVERSION = YES;
				GCC_WARN_ABOUT_RETURN_TYPE = YES_ERROR;
				GCC_WARN_UNDECLARED_SELECTOR = YES;
				GCC_WARN_UNINITIALIZED_AUTOS = YES_AGGRESSIVE;
				GCC_WARN_UNUSED_FUNCTION = YES;
				GCC_WARN_UNUSED_VARIABLE = YES;
				IPHONEOS_DEPLOYMENT_TARGET = 13.0;
				MTL_ENABLE_DEBUG_INFO = NO;
				MTL_FAST_MATH = YES;
				SDKROOT = iphoneos;
				SWIFT_COMPILATION_MODE = wholemodule;
				SWIFT_OPTIMIZATION_LEVEL = "-O";
				VALIDATE_PRODUCT = YES;
			};
			name = Release;
		};
		FC5C3B2F2746C94100DDE223 /* Debug */ = {
			isa = XCBuildConfiguration;
			buildSettings = {
				ASSETCATALOG_COMPILER_APPICON_NAME = AppIcon;
				ASSETCATALOG_COMPILER_GLOBAL_ACCENT_COLOR_NAME = AccentColor;
				CODE_SIGN_STYLE = Automatic;
				CURRENT_PROJECT_VERSION = 1;
				DEVELOPMENT_TEAM = ZKLL7YY4TC;
				GENERATE_INFOPLIST_FILE = YES;
				INFOPLIST_FILE = "sm-audiokit/Info.plist";
				INFOPLIST_KEY_UIApplicationSupportsIndirectInputEvents = YES;
				INFOPLIST_KEY_UILaunchStoryboardName = LaunchScreen;
				INFOPLIST_KEY_UIMainStoryboardFile = Main;
				INFOPLIST_KEY_UISupportedInterfaceOrientations_iPad = "UIInterfaceOrientationPortrait UIInterfaceOrientationPortraitUpsideDown UIInterfaceOrientationLandscapeLeft UIInterfaceOrientationLandscapeRight";
				INFOPLIST_KEY_UISupportedInterfaceOrientations_iPhone = "UIInterfaceOrientationPortrait UIInterfaceOrientationLandscapeLeft UIInterfaceOrientationLandscapeRight";
				LD_RUNPATH_SEARCH_PATHS = (
					"$(inherited)",
					"@executable_path/Frameworks",
				);
				MARKETING_VERSION = 1.0;
				PRODUCT_BUNDLE_IDENTIFIER = "com.strummachine.sm-audiokit";
				PRODUCT_NAME = "$(TARGET_NAME)";
				SWIFT_EMIT_LOC_STRINGS = YES;
				SWIFT_VERSION = 5.0;
				TARGETED_DEVICE_FAMILY = "1,2";
			};
			name = Debug;
		};
		FC5C3B302746C94100DDE223 /* Release */ = {
			isa = XCBuildConfiguration;
			buildSettings = {
				ASSETCATALOG_COMPILER_APPICON_NAME = AppIcon;
				ASSETCATALOG_COMPILER_GLOBAL_ACCENT_COLOR_NAME = AccentColor;
				CODE_SIGN_STYLE = Automatic;
				CURRENT_PROJECT_VERSION = 1;
				DEVELOPMENT_TEAM = ZKLL7YY4TC;
				GENERATE_INFOPLIST_FILE = YES;
				INFOPLIST_FILE = "sm-audiokit/Info.plist";
				INFOPLIST_KEY_UIApplicationSupportsIndirectInputEvents = YES;
				INFOPLIST_KEY_UILaunchStoryboardName = LaunchScreen;
				INFOPLIST_KEY_UIMainStoryboardFile = Main;
				INFOPLIST_KEY_UISupportedInterfaceOrientations_iPad = "UIInterfaceOrientationPortrait UIInterfaceOrientationPortraitUpsideDown UIInterfaceOrientationLandscapeLeft UIInterfaceOrientationLandscapeRight";
				INFOPLIST_KEY_UISupportedInterfaceOrientations_iPhone = "UIInterfaceOrientationPortrait UIInterfaceOrientationLandscapeLeft UIInterfaceOrientationLandscapeRight";
				LD_RUNPATH_SEARCH_PATHS = (
					"$(inherited)",
					"@executable_path/Frameworks",
				);
				MARKETING_VERSION = 1.0;
				PRODUCT_BUNDLE_IDENTIFIER = "com.strummachine.sm-audiokit";
				PRODUCT_NAME = "$(TARGET_NAME)";
				SWIFT_EMIT_LOC_STRINGS = YES;
				SWIFT_VERSION = 5.0;
				TARGETED_DEVICE_FAMILY = "1,2";
			};
			name = Release;
		};
/* End XCBuildConfiguration section */

/* Begin XCConfigurationList section */
		FC5C3B152746C93F00DDE223 /* Build configuration list for PBXProject "sm-audiokit" */ = {
			isa = XCConfigurationList;
			buildConfigurations = (
				FC5C3B2C2746C94100DDE223 /* Debug */,
				FC5C3B2D2746C94100DDE223 /* Release */,
			);
			defaultConfigurationIsVisible = 0;
			defaultConfigurationName = Release;
		};
		FC5C3B2E2746C94100DDE223 /* Build configuration list for PBXNativeTarget "sm-audiokit" */ = {
			isa = XCConfigurationList;
			buildConfigurations = (
				FC5C3B2F2746C94100DDE223 /* Debug */,
				FC5C3B302746C94100DDE223 /* Release */,
			);
			defaultConfigurationIsVisible = 0;
			defaultConfigurationName = Release;
		};
/* End XCConfigurationList section */

/* Begin XCRemoteSwiftPackageReference section */
		FCE6CD6E2746CA2A00B7B3BE /* XCRemoteSwiftPackageReference "AudioKit" */ = {
			isa = XCRemoteSwiftPackageReference;
			repositoryURL = "https://github.com/AudioKit/AudioKit.git";
			requirement = {
				kind = upToNextMajorVersion;
				minimumVersion = 5.0.0;
			};
		};
/* End XCRemoteSwiftPackageReference section */

/* Begin XCSwiftPackageProductDependency section */
		FCE6CD6F2746CA2A00B7B3BE /* AudioKit */ = {
			isa = XCSwiftPackageProductDependency;
			package = FCE6CD6E2746CA2A00B7B3BE /* XCRemoteSwiftPackageReference "AudioKit" */;
			productName = AudioKit;
		};
/* End XCSwiftPackageProductDependency section */
	};
	rootObject = FC5C3B122746C93F00DDE223 /* Project object */;
}
